
Microsoft Visual Studio Solution File, Format Version 12.00
# Visual Studio 15
VisualStudioVersion = 15.0.27703.2035
MinimumVisualStudioVersion = 10.0.40219.1
Project("{FAE04EC0-301F-11D3-BF4B-00C04F79EFBC}") = "SpaceX.Api.Client", "SpaceX.Api.Client\SpaceX.Api.Client.csproj", "{141BC3D0-343E-45C7-8D06-F8A03A9CAE97}"
EndProject
Project("{2150E333-8FDC-42A3-9474-1A3956D46DE8}") = "Solution Items", "Solution Items", "{ECD968F0-7494-4287-9815-F66114FE0858}"
	ProjectSection(SolutionItems) = preProject
		README.md = README.md
	EndProjectSection
EndProject
Global
	GlobalSection(SolutionConfigurationPlatforms) = preSolution
		Debug|Any CPU = Debug|Any CPU
		Release|Any CPU = Release|Any CPU
	EndGlobalSection
	GlobalSection(ProjectConfigurationPlatforms) = postSolution
		{141BC3D0-343E-45C7-8D06-F8A03A9CAE97}.Debug|Any CPU.ActiveCfg = Debug|Any CPU
		{141BC3D0-343E-45C7-8D06-F8A03A9CAE97}.Debug|Any CPU.Build.0 = Debug|Any CPU
		{141BC3D0-343E-45C7-8D06-F8A03A9CAE97}.Release|Any CPU.ActiveCfg = Release|Any CPU
		{141BC3D0-343E-45C7-8D06-F8A03A9CAE97}.Release|Any CPU.Build.0 = Release|Any CPU
	EndGlobalSection
	GlobalSection(SolutionProperties) = preSolution
		HideSolutionNode = FALSE
	EndGlobalSection
	GlobalSection(ExtensibilityGlobals) = postSolution
		SolutionGuid = {1AF4F482-AC3B-48EC-9231-E6EDD383D7D8}
	EndGlobalSection
EndGlobal
